// !$*UTF8*$!
{
	archiveVersion = 1;
	classes = {
	};
	objectVersion = 56;
	objects = {

/* Begin PBXBuildFile section */
		393004612B478F3100107311 /* WidgetKit.framework in Frameworks */ = {isa = PBXBuildFile; fileRef = 393004602B478F3100107311 /* WidgetKit.framework */; };
		393004632B478F3100107311 /* SwiftUI.framework in Frameworks */ = {isa = PBXBuildFile; fileRef = 393004622B478F3100107311 /* SwiftUI.framework */; };
		393004662B478F3100107311 /* TimerWidgetBundle.swift in Sources */ = {isa = PBXBuildFile; fileRef = 393004652B478F3100107311 /* TimerWidgetBundle.swift */; };
		393004682B478F3100107311 /* TimerWidgetLiveActivity.swift in Sources */ = {isa = PBXBuildFile; fileRef = 393004672B478F3100107311 /* TimerWidgetLiveActivity.swift */; };
		3930046A2B478F3100107311 /* TimerWidget.swift in Sources */ = {isa = PBXBuildFile; fileRef = 393004692B478F3100107311 /* TimerWidget.swift */; };
		3930046C2B478F3200107311 /* Assets.xcassets in Resources */ = {isa = PBXBuildFile; fileRef = 3930046B2B478F3200107311 /* Assets.xcassets */; };
		393004702B478F3200107311 /* TimerWidgetExtension.appex in Embed Foundation Extensions */ = {isa = PBXBuildFile; fileRef = 3930045E2B478F3100107311 /* TimerWidgetExtension.appex */; settings = {ATTRIBUTES = (RemoveHeadersOnCopy, ); }; };
		393004782B47A22900107311 /* TimerWidgetAttributes.swift in Sources */ = {isa = PBXBuildFile; fileRef = 393004772B47A22900107311 /* TimerWidgetAttributes.swift */; };
		393004792B47A22900107311 /* TimerWidgetAttributes.swift in Sources */ = {isa = PBXBuildFile; fileRef = 393004772B47A22900107311 /* TimerWidgetAttributes.swift */; };
		394244292B307AD500EF0ACE /* Alarms in Resources */ = {isa = PBXBuildFile; fileRef = 394244282B307AD500EF0ACE /* Alarms */; };
		3966501B2AB4BC04000648F6 /* OnboardingView.swift in Sources */ = {isa = PBXBuildFile; fileRef = 3966501A2AB4BC04000648F6 /* OnboardingView.swift */; };
		396650212AB4C80F000648F6 /* TimerView.swift in Sources */ = {isa = PBXBuildFile; fileRef = 396650202AB4C80F000648F6 /* TimerView.swift */; };
		396650282AB4DDB2000648F6 /* Colors.xcassets in Resources */ = {isa = PBXBuildFile; fileRef = 396650272AB4DDB2000648F6 /* Colors.xcassets */; };
		3966502A2AB4E4F0000648F6 /* AppBackground.swift in Sources */ = {isa = PBXBuildFile; fileRef = 396650292AB4E4F0000648F6 /* AppBackground.swift */; };
		3988CF002B25473E0062833C /* MainTabView.swift in Sources */ = {isa = PBXBuildFile; fileRef = 3988CEFF2B25473E0062833C /* MainTabView.swift */; };
		3988CF022B2547790062833C /* RoutineListView.swift in Sources */ = {isa = PBXBuildFile; fileRef = 3988CF012B2547790062833C /* RoutineListView.swift */; };
		3988CF042B2547B10062833C /* SettingsView.swift in Sources */ = {isa = PBXBuildFile; fileRef = 3988CF032B2547B10062833C /* SettingsView.swift */; };
		3999937C2AB7C4B300CD435D /* PriorityCard.swift in Sources */ = {isa = PBXBuildFile; fileRef = 3999937B2AB7C4B300CD435D /* PriorityCard.swift */; };
		399993842AB88D0B00CD435D /* Priority.swift in Sources */ = {isa = PBXBuildFile; fileRef = 399993832AB88D0B00CD435D /* Priority.swift */; };
		39D1130D2AAE54CC005A7C0A /* EpochApp.swift in Sources */ = {isa = PBXBuildFile; fileRef = 39D1130C2AAE54CC005A7C0A /* EpochApp.swift */; };
		39D1130F2AAE54CC005A7C0A /* ContentView.swift in Sources */ = {isa = PBXBuildFile; fileRef = 39D1130E2AAE54CC005A7C0A /* ContentView.swift */; };
		39D113112AAE54CD005A7C0A /* Assets.xcassets in Resources */ = {isa = PBXBuildFile; fileRef = 39D113102AAE54CD005A7C0A /* Assets.xcassets */; };
		39D113142AAE54CD005A7C0A /* Preview Assets.xcassets in Resources */ = {isa = PBXBuildFile; fileRef = 39D113132AAE54CD005A7C0A /* Preview Assets.xcassets */; };
		39D8E0092B2E47D3001F0AD8 /* TimerViewModel.swift in Sources */ = {isa = PBXBuildFile; fileRef = 39D8E0082B2E47D3001F0AD8 /* TimerViewModel.swift */; };
		39DE80292B280D3800C6CE6B /* RoutineDetailView.swift in Sources */ = {isa = PBXBuildFile; fileRef = 39DE80282B280D3800C6CE6B /* RoutineDetailView.swift */; };
/* End PBXBuildFile section */

/* Begin PBXContainerItemProxy section */
		3930046E2B478F3200107311 /* PBXContainerItemProxy */ = {
			isa = PBXContainerItemProxy;
			containerPortal = 39D113012AAE54CC005A7C0A /* Project object */;
			proxyType = 1;
			remoteGlobalIDString = 3930045D2B478F3100107311;
			remoteInfo = TimerWidgetExtension;
		};
/* End PBXContainerItemProxy section */

/* Begin PBXCopyFilesBuildPhase section */
		393004712B478F3200107311 /* Embed Foundation Extensions */ = {
			isa = PBXCopyFilesBuildPhase;
			buildActionMask = 2147483647;
			dstPath = "";
			dstSubfolderSpec = 13;
			files = (
				393004702B478F3200107311 /* TimerWidgetExtension.appex in Embed Foundation Extensions */,
			);
			name = "Embed Foundation Extensions";
			runOnlyForDeploymentPostprocessing = 0;
		};
/* End PBXCopyFilesBuildPhase section */

/* Begin PBXFileReference section */
		3930045E2B478F3100107311 /* TimerWidgetExtension.appex */ = {isa = PBXFileReference; explicitFileType = "wrapper.app-extension"; includeInIndex = 0; path = TimerWidgetExtension.appex; sourceTree = BUILT_PRODUCTS_DIR; };
		393004602B478F3100107311 /* WidgetKit.framework */ = {isa = PBXFileReference; lastKnownFileType = wrapper.framework; name = WidgetKit.framework; path = System/Library/Frameworks/WidgetKit.framework; sourceTree = SDKROOT; };
		393004622B478F3100107311 /* SwiftUI.framework */ = {isa = PBXFileReference; lastKnownFileType = wrapper.framework; name = SwiftUI.framework; path = System/Library/Frameworks/SwiftUI.framework; sourceTree = SDKROOT; };
		393004652B478F3100107311 /* TimerWidgetBundle.swift */ = {isa = PBXFileReference; lastKnownFileType = sourcecode.swift; path = TimerWidgetBundle.swift; sourceTree = "<group>"; };
		393004672B478F3100107311 /* TimerWidgetLiveActivity.swift */ = {isa = PBXFileReference; lastKnownFileType = sourcecode.swift; path = TimerWidgetLiveActivity.swift; sourceTree = "<group>"; };
		393004692B478F3100107311 /* TimerWidget.swift */ = {isa = PBXFileReference; lastKnownFileType = sourcecode.swift; path = TimerWidget.swift; sourceTree = "<group>"; };
		3930046B2B478F3200107311 /* Assets.xcassets */ = {isa = PBXFileReference; lastKnownFileType = folder.assetcatalog; path = Assets.xcassets; sourceTree = "<group>"; };
		3930046D2B478F3200107311 /* Info.plist */ = {isa = PBXFileReference; lastKnownFileType = text.plist.xml; path = Info.plist; sourceTree = "<group>"; };
		393004772B47A22900107311 /* TimerWidgetAttributes.swift */ = {isa = PBXFileReference; lastKnownFileType = sourcecode.swift; path = TimerWidgetAttributes.swift; sourceTree = "<group>"; };
		394244282B307AD500EF0ACE /* Alarms */ = {isa = PBXFileReference; lastKnownFileType = folder; path = Alarms; sourceTree = "<group>"; };
		3966501A2AB4BC04000648F6 /* OnboardingView.swift */ = {isa = PBXFileReference; lastKnownFileType = sourcecode.swift; path = OnboardingView.swift; sourceTree = "<group>"; };
		396650202AB4C80F000648F6 /* TimerView.swift */ = {isa = PBXFileReference; lastKnownFileType = sourcecode.swift; path = TimerView.swift; sourceTree = "<group>"; };
		396650272AB4DDB2000648F6 /* Colors.xcassets */ = {isa = PBXFileReference; lastKnownFileType = folder.assetcatalog; path = Colors.xcassets; sourceTree = "<group>"; };
		396650292AB4E4F0000648F6 /* AppBackground.swift */ = {isa = PBXFileReference; lastKnownFileType = sourcecode.swift; path = AppBackground.swift; sourceTree = "<group>"; };
		3988CEFF2B25473E0062833C /* MainTabView.swift */ = {isa = PBXFileReference; lastKnownFileType = sourcecode.swift; path = MainTabView.swift; sourceTree = "<group>"; };
		3988CF012B2547790062833C /* RoutineListView.swift */ = {isa = PBXFileReference; lastKnownFileType = sourcecode.swift; path = RoutineListView.swift; sourceTree = "<group>"; };
		3988CF032B2547B10062833C /* SettingsView.swift */ = {isa = PBXFileReference; lastKnownFileType = sourcecode.swift; path = SettingsView.swift; sourceTree = "<group>"; };
		3999937B2AB7C4B300CD435D /* PriorityCard.swift */ = {isa = PBXFileReference; lastKnownFileType = sourcecode.swift; path = PriorityCard.swift; sourceTree = "<group>"; };
		399993832AB88D0B00CD435D /* Priority.swift */ = {isa = PBXFileReference; lastKnownFileType = sourcecode.swift; path = Priority.swift; sourceTree = "<group>"; };
		39D113092AAE54CC005A7C0A /* Epoch.app */ = {isa = PBXFileReference; explicitFileType = wrapper.application; includeInIndex = 0; path = Epoch.app; sourceTree = BUILT_PRODUCTS_DIR; };
		39D1130C2AAE54CC005A7C0A /* EpochApp.swift */ = {isa = PBXFileReference; lastKnownFileType = sourcecode.swift; path = EpochApp.swift; sourceTree = "<group>"; };
		39D1130E2AAE54CC005A7C0A /* ContentView.swift */ = {isa = PBXFileReference; lastKnownFileType = sourcecode.swift; path = ContentView.swift; sourceTree = "<group>"; };
		39D113102AAE54CD005A7C0A /* Assets.xcassets */ = {isa = PBXFileReference; lastKnownFileType = folder.assetcatalog; path = Assets.xcassets; sourceTree = "<group>"; };
		39D113132AAE54CD005A7C0A /* Preview Assets.xcassets */ = {isa = PBXFileReference; lastKnownFileType = folder.assetcatalog; path = "Preview Assets.xcassets"; sourceTree = "<group>"; };
		39D8E0082B2E47D3001F0AD8 /* TimerViewModel.swift */ = {isa = PBXFileReference; lastKnownFileType = sourcecode.swift; path = TimerViewModel.swift; sourceTree = "<group>"; };
		39DE80282B280D3800C6CE6B /* RoutineDetailView.swift */ = {isa = PBXFileReference; lastKnownFileType = sourcecode.swift; path = RoutineDetailView.swift; sourceTree = "<group>"; };
/* End PBXFileReference section */

/* Begin PBXFrameworksBuildPhase section */
		3930045B2B478F3100107311 /* Frameworks */ = {
			isa = PBXFrameworksBuildPhase;
			buildActionMask = 2147483647;
			files = (
				393004632B478F3100107311 /* SwiftUI.framework in Frameworks */,
				393004612B478F3100107311 /* WidgetKit.framework in Frameworks */,
			);
			runOnlyForDeploymentPostprocessing = 0;
		};
		39D113062AAE54CC005A7C0A /* Frameworks */ = {
			isa = PBXFrameworksBuildPhase;
			buildActionMask = 2147483647;
			files = (
			);
			runOnlyForDeploymentPostprocessing = 0;
		};
/* End PBXFrameworksBuildPhase section */

/* Begin PBXGroup section */
		3930045F2B478F3100107311 /* Frameworks */ = {
			isa = PBXGroup;
			children = (
				393004602B478F3100107311 /* WidgetKit.framework */,
				393004622B478F3100107311 /* SwiftUI.framework */,
			);
			name = Frameworks;
			sourceTree = "<group>";
		};
		393004642B478F3100107311 /* TimerWidget */ = {
			isa = PBXGroup;
			children = (
				393004652B478F3100107311 /* TimerWidgetBundle.swift */,
				393004672B478F3100107311 /* TimerWidgetLiveActivity.swift */,
				393004692B478F3100107311 /* TimerWidget.swift */,
				3930046B2B478F3200107311 /* Assets.xcassets */,
				3930046D2B478F3200107311 /* Info.plist */,
				393004772B47A22900107311 /* TimerWidgetAttributes.swift */,
			);
			path = TimerWidget;
			sourceTree = "<group>";
		};
		3942440D2B2FD23700EF0ACE /* ViewModels */ = {
			isa = PBXGroup;
			children = (
				39D8E0082B2E47D3001F0AD8 /* TimerViewModel.swift */,
			);
			path = ViewModels;
			sourceTree = "<group>";
		};
		3966501C2AB4C6E2000648F6 /* Core */ = {
			isa = PBXGroup;
			children = (
				3966501D2AB4C6EE000648F6 /* Components */,
			);
			path = Core;
			sourceTree = "<group>";
		};
		3966501D2AB4C6EE000648F6 /* Components */ = {
			isa = PBXGroup;
			children = (
				396650292AB4E4F0000648F6 /* AppBackground.swift */,
				3999937B2AB7C4B300CD435D /* PriorityCard.swift */,
			);
			path = Components;
			sourceTree = "<group>";
		};
		3966501E2AB4C70B000648F6 /* Views */ = {
			isa = PBXGroup;
			children = (
				3988CF032B2547B10062833C /* SettingsView.swift */,
				3966501A2AB4BC04000648F6 /* OnboardingView.swift */,
				39DE80282B280D3800C6CE6B /* RoutineDetailView.swift */,
				3988CEFF2B25473E0062833C /* MainTabView.swift */,
				39D1130E2AAE54CC005A7C0A /* ContentView.swift */,
				396650202AB4C80F000648F6 /* TimerView.swift */,
				3988CF012B2547790062833C /* RoutineListView.swift */,
			);
			path = Views;
			sourceTree = "<group>";
		};
		3999937F2AB88B5400CD435D /* Models */ = {
			isa = PBXGroup;
			children = (
				399993832AB88D0B00CD435D /* Priority.swift */,
			);
			path = Models;
			sourceTree = "<group>";
		};
		39D113002AAE54CC005A7C0A = {
			isa = PBXGroup;
			children = (
				39D1130B2AAE54CC005A7C0A /* Epoch */,
				393004642B478F3100107311 /* TimerWidget */,
				3930045F2B478F3100107311 /* Frameworks */,
				39D1130A2AAE54CC005A7C0A /* Products */,
			);
			sourceTree = "<group>";
		};
		39D1130A2AAE54CC005A7C0A /* Products */ = {
			isa = PBXGroup;
			children = (
				39D113092AAE54CC005A7C0A /* Epoch.app */,
				3930045E2B478F3100107311 /* TimerWidgetExtension.appex */,
			);
			name = Products;
			sourceTree = "<group>";
		};
		39D1130B2AAE54CC005A7C0A /* Epoch */ = {
			isa = PBXGroup;
			children = (
				394244282B307AD500EF0ACE /* Alarms */,
				3942440D2B2FD23700EF0ACE /* ViewModels */,
				3999937F2AB88B5400CD435D /* Models */,
				3966501E2AB4C70B000648F6 /* Views */,
				3966501C2AB4C6E2000648F6 /* Core */,
				39D1130C2AAE54CC005A7C0A /* EpochApp.swift */,
				39D113102AAE54CD005A7C0A /* Assets.xcassets */,
				39D113122AAE54CD005A7C0A /* Preview Content */,
				396650272AB4DDB2000648F6 /* Colors.xcassets */,
			);
			path = Epoch;
			sourceTree = "<group>";
		};
		39D113122AAE54CD005A7C0A /* Preview Content */ = {
			isa = PBXGroup;
			children = (
				39D113132AAE54CD005A7C0A /* Preview Assets.xcassets */,
			);
			path = "Preview Content";
			sourceTree = "<group>";
		};
/* End PBXGroup section */

/* Begin PBXNativeTarget section */
		3930045D2B478F3100107311 /* TimerWidgetExtension */ = {
			isa = PBXNativeTarget;
			buildConfigurationList = 393004742B478F3200107311 /* Build configuration list for PBXNativeTarget "TimerWidgetExtension" */;
			buildPhases = (
				3930045A2B478F3100107311 /* Sources */,
				3930045B2B478F3100107311 /* Frameworks */,
				3930045C2B478F3100107311 /* Resources */,
			);
			buildRules = (
			);
			dependencies = (
			);
			name = TimerWidgetExtension;
			productName = TimerWidgetExtension;
			productReference = 3930045E2B478F3100107311 /* TimerWidgetExtension.appex */;
			productType = "com.apple.product-type.app-extension";
		};
		39D113082AAE54CC005A7C0A /* Epoch */ = {
			isa = PBXNativeTarget;
			buildConfigurationList = 39D113172AAE54CD005A7C0A /* Build configuration list for PBXNativeTarget "Epoch" */;
			buildPhases = (
				39D113052AAE54CC005A7C0A /* Sources */,
				39D113062AAE54CC005A7C0A /* Frameworks */,
				39D113072AAE54CC005A7C0A /* Resources */,
				393004712B478F3200107311 /* Embed Foundation Extensions */,
			);
			buildRules = (
			);
			dependencies = (
				3930046F2B478F3200107311 /* PBXTargetDependency */,
			);
			name = Epoch;
			productName = Epoch;
			productReference = 39D113092AAE54CC005A7C0A /* Epoch.app */;
			productType = "com.apple.product-type.application";
		};
/* End PBXNativeTarget section */

/* Begin PBXProject section */
		39D113012AAE54CC005A7C0A /* Project object */ = {
			isa = PBXProject;
			attributes = {
				BuildIndependentTargetsInParallel = 1;
				LastSwiftUpdateCheck = 1510;
				LastUpgradeCheck = 1510;
				TargetAttributes = {
					3930045D2B478F3100107311 = {
						CreatedOnToolsVersion = 15.1;
					};
					39D113082AAE54CC005A7C0A = {
						CreatedOnToolsVersion = 14.3.1;
					};
				};
			};
			buildConfigurationList = 39D113042AAE54CC005A7C0A /* Build configuration list for PBXProject "Epoch" */;
			compatibilityVersion = "Xcode 14.0";
			developmentRegion = en;
			hasScannedForEncodings = 0;
			knownRegions = (
				en,
				Base,
			);
			mainGroup = 39D113002AAE54CC005A7C0A;
			productRefGroup = 39D1130A2AAE54CC005A7C0A /* Products */;
			projectDirPath = "";
			projectRoot = "";
			targets = (
				39D113082AAE54CC005A7C0A /* Epoch */,
				3930045D2B478F3100107311 /* TimerWidgetExtension */,
			);
		};
/* End PBXProject section */

/* Begin PBXResourcesBuildPhase section */
		3930045C2B478F3100107311 /* Resources */ = {
			isa = PBXResourcesBuildPhase;
			buildActionMask = 2147483647;
			files = (
				3930046C2B478F3200107311 /* Assets.xcassets in Resources */,
			);
			runOnlyForDeploymentPostprocessing = 0;
		};
		39D113072AAE54CC005A7C0A /* Resources */ = {
			isa = PBXResourcesBuildPhase;
			buildActionMask = 2147483647;
			files = (
				394244292B307AD500EF0ACE /* Alarms in Resources */,
				396650282AB4DDB2000648F6 /* Colors.xcassets in Resources */,
				39D113142AAE54CD005A7C0A /* Preview Assets.xcassets in Resources */,
				39D113112AAE54CD005A7C0A /* Assets.xcassets in Resources */,
			);
			runOnlyForDeploymentPostprocessing = 0;
		};
/* End PBXResourcesBuildPhase section */

/* Begin PBXSourcesBuildPhase section */
		3930045A2B478F3100107311 /* Sources */ = {
			isa = PBXSourcesBuildPhase;
			buildActionMask = 2147483647;
			files = (
				393004682B478F3100107311 /* TimerWidgetLiveActivity.swift in Sources */,
				393004662B478F3100107311 /* TimerWidgetBundle.swift in Sources */,
				393004792B47A22900107311 /* TimerWidgetAttributes.swift in Sources */,
				3930046A2B478F3100107311 /* TimerWidget.swift in Sources */,
			);
			runOnlyForDeploymentPostprocessing = 0;
		};
		39D113052AAE54CC005A7C0A /* Sources */ = {
			isa = PBXSourcesBuildPhase;
			buildActionMask = 2147483647;
			files = (
				3966501B2AB4BC04000648F6 /* OnboardingView.swift in Sources */,
				393004782B47A22900107311 /* TimerWidgetAttributes.swift in Sources */,
				3988CF002B25473E0062833C /* MainTabView.swift in Sources */,
				39D8E0092B2E47D3001F0AD8 /* TimerViewModel.swift in Sources */,
				3966502A2AB4E4F0000648F6 /* AppBackground.swift in Sources */,
				399993842AB88D0B00CD435D /* Priority.swift in Sources */,
				3988CF022B2547790062833C /* RoutineListView.swift in Sources */,
				39DE80292B280D3800C6CE6B /* RoutineDetailView.swift in Sources */,
				39D1130F2AAE54CC005A7C0A /* ContentView.swift in Sources */,
				3999937C2AB7C4B300CD435D /* PriorityCard.swift in Sources */,
				396650212AB4C80F000648F6 /* TimerView.swift in Sources */,
				39D1130D2AAE54CC005A7C0A /* EpochApp.swift in Sources */,
				3988CF042B2547B10062833C /* SettingsView.swift in Sources */,
			);
			runOnlyForDeploymentPostprocessing = 0;
		};
/* End PBXSourcesBuildPhase section */

/* Begin PBXTargetDependency section */
		3930046F2B478F3200107311 /* PBXTargetDependency */ = {
			isa = PBXTargetDependency;
			target = 3930045D2B478F3100107311 /* TimerWidgetExtension */;
			targetProxy = 3930046E2B478F3200107311 /* PBXContainerItemProxy */;
		};
/* End PBXTargetDependency section */

/* Begin XCBuildConfiguration section */
		393004722B478F3200107311 /* Debug */ = {
			isa = XCBuildConfiguration;
			buildSettings = {
				ASSETCATALOG_COMPILER_GENERATE_SWIFT_ASSET_SYMBOL_EXTENSIONS = YES;
				ASSETCATALOG_COMPILER_GLOBAL_ACCENT_COLOR_NAME = AccentColor;
				ASSETCATALOG_COMPILER_WIDGET_BACKGROUND_COLOR_NAME = WidgetBackground;
				CODE_SIGN_STYLE = Automatic;
				CURRENT_PROJECT_VERSION = 1;
				DEVELOPMENT_TEAM = K8K58S95B6;
				GCC_C_LANGUAGE_STANDARD = gnu17;
				GENERATE_INFOPLIST_FILE = YES;
				INFOPLIST_FILE = TimerWidget/Info.plist;
				INFOPLIST_KEY_CFBundleDisplayName = TimerWidget;
				INFOPLIST_KEY_NSHumanReadableCopyright = "";
				IPHONEOS_DEPLOYMENT_TARGET = 17.2;
				LD_RUNPATH_SEARCH_PATHS = (
					"$(inherited)",
					"@executable_path/Frameworks",
					"@executable_path/../../Frameworks",
				);
				LOCALIZATION_PREFERS_STRING_CATALOGS = YES;
				MARKETING_VERSION = 1.0;
				PRODUCT_BUNDLE_IDENTIFIER = Justin.Epoch.TimerWidget;
				PRODUCT_NAME = "$(TARGET_NAME)";
				SKIP_INSTALL = YES;
				SWIFT_ACTIVE_COMPILATION_CONDITIONS = "DEBUG $(inherited)";
				SWIFT_EMIT_LOC_STRINGS = YES;
				SWIFT_VERSION = 5.0;
				TARGETED_DEVICE_FAMILY = "1,2";
			};
			name = Debug;
		};
		393004732B478F3200107311 /* Release */ = {
			isa = XCBuildConfiguration;
			buildSettings = {
				ASSETCATALOG_COMPILER_GENERATE_SWIFT_ASSET_SYMBOL_EXTENSIONS = YES;
				ASSETCATALOG_COMPILER_GLOBAL_ACCENT_COLOR_NAME = AccentColor;
				ASSETCATALOG_COMPILER_WIDGET_BACKGROUND_COLOR_NAME = WidgetBackground;
				CODE_SIGN_STYLE = Automatic;
				CURRENT_PROJECT_VERSION = 1;
				DEVELOPMENT_TEAM = K8K58S95B6;
				GCC_C_LANGUAGE_STANDARD = gnu17;
				GENERATE_INFOPLIST_FILE = YES;
				INFOPLIST_FILE = TimerWidget/Info.plist;
				INFOPLIST_KEY_CFBundleDisplayName = TimerWidget;
				INFOPLIST_KEY_NSHumanReadableCopyright = "";
				IPHONEOS_DEPLOYMENT_TARGET = 17.2;
				LD_RUNPATH_SEARCH_PATHS = (
					"$(inherited)",
					"@executable_path/Frameworks",
					"@executable_path/../../Frameworks",
				);
				LOCALIZATION_PREFERS_STRING_CATALOGS = YES;
				MARKETING_VERSION = 1.0;
				PRODUCT_BUNDLE_IDENTIFIER = Justin.Epoch.TimerWidget;
				PRODUCT_NAME = "$(TARGET_NAME)";
				SKIP_INSTALL = YES;
				SWIFT_EMIT_LOC_STRINGS = YES;
				SWIFT_VERSION = 5.0;
				TARGETED_DEVICE_FAMILY = "1,2";
			};
			name = Release;
		};
		39D113152AAE54CD005A7C0A /* Debug */ = {
			isa = XCBuildConfiguration;
			buildSettings = {
				ALWAYS_SEARCH_USER_PATHS = NO;
				ASSETCATALOG_COMPILER_GENERATE_SWIFT_ASSET_SYMBOL_EXTENSIONS = YES;
				CLANG_ANALYZER_NONNULL = YES;
				CLANG_ANALYZER_NUMBER_OBJECT_CONVERSION = YES_AGGRESSIVE;
				CLANG_CXX_LANGUAGE_STANDARD = "gnu++20";
				CLANG_ENABLE_MODULES = YES;
				CLANG_ENABLE_OBJC_ARC = YES;
				CLANG_ENABLE_OBJC_WEAK = YES;
				CLANG_WARN_BLOCK_CAPTURE_AUTORELEASING = YES;
				CLANG_WARN_BOOL_CONVERSION = YES;
				CLANG_WARN_COMMA = YES;
				CLANG_WARN_CONSTANT_CONVERSION = YES;
				CLANG_WARN_DEPRECATED_OBJC_IMPLEMENTATIONS = YES;
				CLANG_WARN_DIRECT_OBJC_ISA_USAGE = YES_ERROR;
				CLANG_WARN_DOCUMENTATION_COMMENTS = YES;
				CLANG_WARN_EMPTY_BODY = YES;
				CLANG_WARN_ENUM_CONVERSION = YES;
				CLANG_WARN_INFINITE_RECURSION = YES;
				CLANG_WARN_INT_CONVERSION = YES;
				CLANG_WARN_NON_LITERAL_NULL_CONVERSION = YES;
				CLANG_WARN_OBJC_IMPLICIT_RETAIN_SELF = YES;
				CLANG_WARN_OBJC_LITERAL_CONVERSION = YES;
				CLANG_WARN_OBJC_ROOT_CLASS = YES_ERROR;
				CLANG_WARN_QUOTED_INCLUDE_IN_FRAMEWORK_HEADER = YES;
				CLANG_WARN_RANGE_LOOP_ANALYSIS = YES;
				CLANG_WARN_STRICT_PROTOTYPES = YES;
				CLANG_WARN_SUSPICIOUS_MOVE = YES;
				CLANG_WARN_UNGUARDED_AVAILABILITY = YES_AGGRESSIVE;
				CLANG_WARN_UNREACHABLE_CODE = YES;
				CLANG_WARN__DUPLICATE_METHOD_MATCH = YES;
				COPY_PHASE_STRIP = NO;
				DEBUG_INFORMATION_FORMAT = dwarf;
				ENABLE_STRICT_OBJC_MSGSEND = YES;
				ENABLE_TESTABILITY = YES;
				ENABLE_USER_SCRIPT_SANDBOXING = YES;
				GCC_C_LANGUAGE_STANDARD = gnu11;
				GCC_DYNAMIC_NO_PIC = NO;
				GCC_NO_COMMON_BLOCKS = YES;
				GCC_OPTIMIZATION_LEVEL = 0;
				GCC_PREPROCESSOR_DEFINITIONS = (
					"DEBUG=1",
					"$(inherited)",
				);
				GCC_WARN_64_TO_32_BIT_CONVERSION = YES;
				GCC_WARN_ABOUT_RETURN_TYPE = YES_ERROR;
				GCC_WARN_UNDECLARED_SELECTOR = YES;
				GCC_WARN_UNINITIALIZED_AUTOS = YES_AGGRESSIVE;
				GCC_WARN_UNUSED_FUNCTION = YES;
				GCC_WARN_UNUSED_VARIABLE = YES;
				IPHONEOS_DEPLOYMENT_TARGET = 16.4;
				MTL_ENABLE_DEBUG_INFO = INCLUDE_SOURCE;
				MTL_FAST_MATH = YES;
				ONLY_ACTIVE_ARCH = YES;
				SDKROOT = iphoneos;
				SWIFT_ACTIVE_COMPILATION_CONDITIONS = DEBUG;
				SWIFT_OPTIMIZATION_LEVEL = "-Onone";
			};
			name = Debug;
		};
		39D113162AAE54CD005A7C0A /* Release */ = {
			isa = XCBuildConfiguration;
			buildSettings = {
				ALWAYS_SEARCH_USER_PATHS = NO;
				ASSETCATALOG_COMPILER_GENERATE_SWIFT_ASSET_SYMBOL_EXTENSIONS = YES;
				CLANG_ANALYZER_NONNULL = YES;
				CLANG_ANALYZER_NUMBER_OBJECT_CONVERSION = YES_AGGRESSIVE;
				CLANG_CXX_LANGUAGE_STANDARD = "gnu++20";
				CLANG_ENABLE_MODULES = YES;
				CLANG_ENABLE_OBJC_ARC = YES;
				CLANG_ENABLE_OBJC_WEAK = YES;
				CLANG_WARN_BLOCK_CAPTURE_AUTORELEASING = YES;
				CLANG_WARN_BOOL_CONVERSION = YES;
				CLANG_WARN_COMMA = YES;
				CLANG_WARN_CONSTANT_CONVERSION = YES;
				CLANG_WARN_DEPRECATED_OBJC_IMPLEMENTATIONS = YES;
				CLANG_WARN_DIRECT_OBJC_ISA_USAGE = YES_ERROR;
				CLANG_WARN_DOCUMENTATION_COMMENTS = YES;
				CLANG_WARN_EMPTY_BODY = YES;
				CLANG_WARN_ENUM_CONVERSION = YES;
				CLANG_WARN_INFINITE_RECURSION = YES;
				CLANG_WARN_INT_CONVERSION = YES;
				CLANG_WARN_NON_LITERAL_NULL_CONVERSION = YES;
				CLANG_WARN_OBJC_IMPLICIT_RETAIN_SELF = YES;
				CLANG_WARN_OBJC_LITERAL_CONVERSION = YES;
				CLANG_WARN_OBJC_ROOT_CLASS = YES_ERROR;
				CLANG_WARN_QUOTED_INCLUDE_IN_FRAMEWORK_HEADER = YES;
				CLANG_WARN_RANGE_LOOP_ANALYSIS = YES;
				CLANG_WARN_STRICT_PROTOTYPES = YES;
				CLANG_WARN_SUSPICIOUS_MOVE = YES;
				CLANG_WARN_UNGUARDED_AVAILABILITY = YES_AGGRESSIVE;
				CLANG_WARN_UNREACHABLE_CODE = YES;
				CLANG_WARN__DUPLICATE_METHOD_MATCH = YES;
				COPY_PHASE_STRIP = NO;
				DEBUG_INFORMATION_FORMAT = "dwarf-with-dsym";
				ENABLE_NS_ASSERTIONS = NO;
				ENABLE_STRICT_OBJC_MSGSEND = YES;
				ENABLE_USER_SCRIPT_SANDBOXING = YES;
				GCC_C_LANGUAGE_STANDARD = gnu11;
				GCC_NO_COMMON_BLOCKS = YES;
				GCC_WARN_64_TO_32_BIT_CONVERSION = YES;
				GCC_WARN_ABOUT_RETURN_TYPE = YES_ERROR;
				GCC_WARN_UNDECLARED_SELECTOR = YES;
				GCC_WARN_UNINITIALIZED_AUTOS = YES_AGGRESSIVE;
				GCC_WARN_UNUSED_FUNCTION = YES;
				GCC_WARN_UNUSED_VARIABLE = YES;
				IPHONEOS_DEPLOYMENT_TARGET = 16.4;
				MTL_ENABLE_DEBUG_INFO = NO;
				MTL_FAST_MATH = YES;
				SDKROOT = iphoneos;
				SWIFT_COMPILATION_MODE = wholemodule;
				SWIFT_OPTIMIZATION_LEVEL = "-O";
				VALIDATE_PRODUCT = YES;
			};
			name = Release;
		};
		39D113182AAE54CD005A7C0A /* Debug */ = {
			isa = XCBuildConfiguration;
			buildSettings = {
				ALWAYS_EMBED_SWIFT_STANDARD_LIBRARIES = YES;
				ASSETCATALOG_COMPILER_APPICON_NAME = AppIcon;
				ASSETCATALOG_COMPILER_GLOBAL_ACCENT_COLOR_NAME = AccentColor;
				CODE_SIGN_STYLE = Automatic;
				CURRENT_PROJECT_VERSION = 1;
				DEVELOPMENT_ASSET_PATHS = "\"Epoch/Preview Content\"";
				DEVELOPMENT_TEAM = K8K58S95B6;
				ENABLE_PREVIEWS = YES;
				GENERATE_INFOPLIST_FILE = YES;
				INFOPLIST_KEY_UIApplicationSceneManifest_Generation = YES;
				INFOPLIST_KEY_UIApplicationSupportsIndirectInputEvents = YES;
				INFOPLIST_KEY_UILaunchScreen_Generation = YES;
				INFOPLIST_KEY_UISupportedInterfaceOrientations_iPad = "UIInterfaceOrientationPortrait UIInterfaceOrientationPortraitUpsideDown UIInterfaceOrientationLandscapeLeft UIInterfaceOrientationLandscapeRight";
				INFOPLIST_KEY_UISupportedInterfaceOrientations_iPhone = "UIInterfaceOrientationPortrait UIInterfaceOrientationLandscapeLeft UIInterfaceOrientationLandscapeRight";
				LD_RUNPATH_SEARCH_PATHS = (
					"$(inherited)",
					"@executable_path/Frameworks",
				);
				MARKETING_VERSION = 1.0;
				PRODUCT_BUNDLE_IDENTIFIER = Justin.Epoch;
				PRODUCT_NAME = "$(TARGET_NAME)";
				SWIFT_EMIT_LOC_STRINGS = YES;
				SWIFT_VERSION = 5.0;
				TARGETED_DEVICE_FAMILY = "1,2";
			};
			name = Debug;
		};
		39D113192AAE54CD005A7C0A /* Release */ = {
			isa = XCBuildConfiguration;
			buildSettings = {
				ALWAYS_EMBED_SWIFT_STANDARD_LIBRARIES = YES;
				ASSETCATALOG_COMPILER_APPICON_NAME = AppIcon;
				ASSETCATALOG_COMPILER_GLOBAL_ACCENT_COLOR_NAME = AccentColor;
				CODE_SIGN_STYLE = Automatic;
				CURRENT_PROJECT_VERSION = 1;
				DEVELOPMENT_ASSET_PATHS = "\"Epoch/Preview Content\"";
				DEVELOPMENT_TEAM = K8K58S95B6;
				ENABLE_PREVIEWS = YES;
				GENERATE_INFOPLIST_FILE = YES;
				INFOPLIST_KEY_UIApplicationSceneManifest_Generation = YES;
				INFOPLIST_KEY_UIApplicationSupportsIndirectInputEvents = YES;
				INFOPLIST_KEY_UILaunchScreen_Generation = YES;
				INFOPLIST_KEY_UISupportedInterfaceOrientations_iPad = "UIInterfaceOrientationPortrait UIInterfaceOrientationPortraitUpsideDown UIInterfaceOrientationLandscapeLeft UIInterfaceOrientationLandscapeRight";
				INFOPLIST_KEY_UISupportedInterfaceOrientations_iPhone = "UIInterfaceOrientationPortrait UIInterfaceOrientationLandscapeLeft UIInterfaceOrientationLandscapeRight";
				LD_RUNPATH_SEARCH_PATHS = (
					"$(inherited)",
					"@executable_path/Frameworks",
				);
				MARKETING_VERSION = 1.0;
				PRODUCT_BUNDLE_IDENTIFIER = Justin.Epoch;
				PRODUCT_NAME = "$(TARGET_NAME)";
				SWIFT_EMIT_LOC_STRINGS = YES;
				SWIFT_VERSION = 5.0;
				TARGETED_DEVICE_FAMILY = "1,2";
			};
			name = Release;
		};
/* End XCBuildConfiguration section */

/* Begin XCConfigurationList section */
		393004742B478F3200107311 /* Build configuration list for PBXNativeTarget "TimerWidgetExtension" */ = {
			isa = XCConfigurationList;
			buildConfigurations = (
				393004722B478F3200107311 /* Debug */,
				393004732B478F3200107311 /* Release */,
			);
			defaultConfigurationIsVisible = 0;
			defaultConfigurationName = Release;
		};
		39D113042AAE54CC005A7C0A /* Build configuration list for PBXProject "Epoch" */ = {
			isa = XCConfigurationList;
			buildConfigurations = (
				39D113152AAE54CD005A7C0A /* Debug */,
				39D113162AAE54CD005A7C0A /* Release */,
			);
			defaultConfigurationIsVisible = 0;
			defaultConfigurationName = Release;
		};
		39D113172AAE54CD005A7C0A /* Build configuration list for PBXNativeTarget "Epoch" */ = {
			isa = XCConfigurationList;
			buildConfigurations = (
				39D113182AAE54CD005A7C0A /* Debug */,
				39D113192AAE54CD005A7C0A /* Release */,
			);
			defaultConfigurationIsVisible = 0;
			defaultConfigurationName = Release;
		};
/* End XCConfigurationList section */
	};
	rootObject = 39D113012AAE54CC005A7C0A /* Project object */;
}
